
Microsoft Visual Studio Solution File, Format Version 12.00
# Visual Studio Version 17
VisualStudioVersion = 17.0.32014.148
MinimumVisualStudioVersion = 10.0.40219.1
Project("{FAE04EC0-301F-11D3-BF4B-00C04F79EFBC}") = "Problem30-ProjectEuler", "Problem30-ProjectEuler\Problem30-ProjectEuler.csproj", "{7C7414D5-84B5-4BAB-B0FC-612E26140611}"
EndProject
Global
	GlobalSection(SolutionConfigurationPlatforms) = preSolution
		Debug|Any CPU = Debug|Any CPU
		Release|Any CPU = Release|Any CPU
	EndGlobalSection
	GlobalSection(ProjectConfigurationPlatforms) = postSolution
		{7C7414D5-84B5-4BAB-B0FC-612E26140611}.Debug|Any CPU.ActiveCfg = Debug|Any CPU
		{7C7414D5-84B5-4BAB-B0FC-612E26140611}.Debug|Any CPU.Build.0 = Debug|Any CPU
		{7C7414D5-84B5-4BAB-B0FC-612E26140611}.Release|Any CPU.ActiveCfg = Release|Any CPU
		{7C7414D5-84B5-4BAB-B0FC-612E26140611}.Release|Any CPU.Build.0 = Release|Any CPU
	EndGlobalSection
	GlobalSection(SolutionProperties) = preSolution
		HideSolutionNode = FALSE
	EndGlobalSection
	GlobalSection(ExtensibilityGlobals) = postSolution
		SolutionGuid = {8DF6CEC0-93A2-45F9-84FB-EA588FE49C13}
	EndGlobalSection
EndGlobal
